{
  "name": "@jimchan/spine-threejs",
  "version": "4.0.19",
  "lockfileVersion": 2,
  "requires": true,
  "packages": {
    "": {
      "name": "@jimchan/spine-threejs",
      "version": "4.0.19",
      "license": "LicenseRef-LICENSE",
      "dependencies": {
        "@esotericsoftware/spine-core": "^4.0.19",
        "@types/three": "^0.137.0",
        "three": "^0.137.4"
      }
    },
    "node_modules/@esotericsoftware/spine-core": {
      "version": "4.0.19",
      "resolved": "https://registry.npmjs.org/@esotericsoftware/spine-core/-/spine-core-4.0.19.tgz",
      "integrity": "sha512-s/+Vs+qREKfRNcfYVOy+0joz35hTvX5Ew/blSxRo4YB+CqUrz8lA99xAjDFTqKigQpudT2rEAOcTmQGxzsBQLg=="
    },
    "node_modules/@types/three": {
      "version": "0.137.0",
      "resolved": "https://registry.npmjs.org/@types/three/-/three-0.137.0.tgz",
      "integrity": "sha512-Xc5EAlfYmgrCLI/VlSVqiRJAtzhWF0Rw2jSq48nqJy+Hcb5sfDOXyfZn1+RNcHyi9l8CeCAXCZygO8IyeOJVEA=="
    },
    "node_modules/three": {
      "version": "0.137.4",
      "resolved": "https://registry.npmjs.org/three/-/three-0.137.4.tgz",
      "integrity": "sha512-kUyOZNX+dMbvaS0mGYM1BaXHkHVNQdpryWH8dBg3mn725dJcTo9/5rjyH+OJ8V0r+XbZPz7sncV+c3Gjpc9UBA=="
    }
  },
  "dependencies": {
    "@esotericsoftware/spine-core": {
      "version": "4.0.19",
      "resolved": "https://registry.npmjs.org/@esotericsoftware/spine-core/-/spine-core-4.0.19.tgz",
      "integrity": "sha512-s/+Vs+qREKfRNcfYVOy+0joz35hTvX5Ew/blSxRo4YB+CqUrz8lA99xAjDFTqKigQpudT2rEAOcTmQGxzsBQLg=="
    },
    "@types/three": {
      "version": "0.137.0",
      "resolved": "https://registry.npmjs.org/@types/three/-/three-0.137.0.tgz",
      "integrity": "sha512-Xc5EAlfYmgrCLI/VlSVqiRJAtzhWF0Rw2jSq48nqJy+Hcb5sfDOXyfZn1+RNcHyi9l8CeCAXCZygO8IyeOJVEA=="
    },
    "three": {
      "version": "0.137.4",
      "resolved": "https://registry.npmjs.org/three/-/three-0.137.4.tgz",
      "integrity": "sha512-kUyOZNX+dMbvaS0mGYM1BaXHkHVNQdpryWH8dBg3mn725dJcTo9/5rjyH+OJ8V0r+XbZPz7sncV+c3Gjpc9UBA=="
    }
  }
}
